
Microsoft Visual Studio Solution File, Format Version 12.00
# Visual Studio 2013
VisualStudioVersion = 12.0.40629.0
MinimumVisualStudioVersion = 10.0.40219.1
Project("{FAE04EC0-301F-11D3-BF4B-00C04F79EFBC}") = "SchedulerWebApp", "SchedulerWebApp\SchedulerWebApp.csproj", "{DCFC89B0-129F-4B7B-8BEB-DADB01B4C906}"
EndProject
Project("{FAE04EC0-301F-11D3-BF4B-00C04F79EFBC}") = "SchedulerWebApp.Tests", "SchedulerWebApp.Tests\SchedulerWebApp.Tests.csproj", "{5959B528-3048-478F-881C-A49851FEC586}"
EndProject
Project("{2150E333-8FDC-42A3-9474-1A3956D46DE8}") = ".nuget", ".nuget", "{B4C77D97-D15B-4B05-B3C1-2412578480E4}"
	ProjectSection(SolutionItems) = preProject
		SchedulerWebApp\Content\DataTables\css\dataTables.bootstrap.css = SchedulerWebApp\Content\DataTables\css\dataTables.bootstrap.css
		.nuget\packages.config = .nuget\packages.config
	EndProjectSection
EndProject
Global
	GlobalSection(SolutionConfigurationPlatforms) = preSolution
		Debug|Any CPU = Debug|Any CPU
		Release|Any CPU = Release|Any CPU
	EndGlobalSection
	GlobalSection(ProjectConfigurationPlatforms) = postSolution
		{DCFC89B0-129F-4B7B-8BEB-DADB01B4C906}.Debug|Any CPU.ActiveCfg = Debug|Any CPU
		{DCFC89B0-129F-4B7B-8BEB-DADB01B4C906}.Debug|Any CPU.Build.0 = Debug|Any CPU
		{DCFC89B0-129F-4B7B-8BEB-DADB01B4C906}.Release|Any CPU.ActiveCfg = Release|Any CPU
		{DCFC89B0-129F-4B7B-8BEB-DADB01B4C906}.Release|Any CPU.Build.0 = Release|Any CPU
		{5959B528-3048-478F-881C-A49851FEC586}.Debug|Any CPU.ActiveCfg = Debug|Any CPU
		{5959B528-3048-478F-881C-A49851FEC586}.Debug|Any CPU.Build.0 = Debug|Any CPU
		{5959B528-3048-478F-881C-A49851FEC586}.Release|Any CPU.ActiveCfg = Release|Any CPU
		{5959B528-3048-478F-881C-A49851FEC586}.Release|Any CPU.Build.0 = Release|Any CPU
	EndGlobalSection
	GlobalSection(SolutionProperties) = preSolution
		HideSolutionNode = FALSE
	EndGlobalSection
EndGlobal
